GEM
  remote: https://rubygems.org/
  specs:
    anonymous_loader (0.1.3)
      version_gem (~> 1.1, >= 1.1.14)
    auth-sanitizer (0.2.3)
      version_gem (~> 1.1, >= 1.1.14)
    base64 (0.3.0)
    bigdecimal (4.1.2)
    concurrent-ruby (1.3.8)
    domain_name (0.6.20240107)
    faraday (2.14.3)
      faraday-net_http (>= 2.0, < 3.5)
      json
      logger
    faraday-net_http (3.4.4)
      net-http (~> 0.5)
    git-fit (0.9.6)
      faraday (~> 2.0)
      http-cookie (~> 1.0)
      mini_racer (~> 0.12)
      nokogiri (~> 1.16)
      oauth (~> 1.0)
      ostruct (~> 0.6)
      rubyzip (~> 2.0)
      sequel (~> 5.0)
      sqlite3 (~> 2.0)
      thor (~> 1.3)
      timezone_finder (~> 1.5)
      tzinfo (~> 2.0)
    hashie (5.1.0)
      logger
    http-cookie (1.1.6)
      domain_name (~> 0.5)
    json (2.21.2)
    libv8-node (24.12.0.1)
    libv8-node (24.12.0.1-aarch64-linux)
    libv8-node (24.12.0.1-aarch64-linux-musl)
    libv8-node (24.12.0.1-arm64-darwin)
    libv8-node (24.12.0.1-x86_64-darwin)
    libv8-node (24.12.0.1-x86_64-linux)
    libv8-node (24.12.0.1-x86_64-linux-musl)
    logger (1.7.0)
    mini_racer (0.21.4)
      libv8-node (~> 24.12.0.1)
    net-http (0.9.1)
      uri (>= 0.11.1)
    nokogiri (1.19.4-aarch64-linux-gnu)
      racc (~> 1.4)
    nokogiri (1.19.4-aarch64-linux-musl)
      racc (~> 1.4)
    nokogiri (1.19.4-arm-linux-gnu)
      racc (~> 1.4)
    nokogiri (1.19.4-arm-linux-musl)
      racc (~> 1.4)
    nokogiri (1.19.4-arm64-darwin)
      racc (~> 1.4)
    nokogiri (1.19.4-x86_64-darwin)
      racc (~> 1.4)
    nokogiri (1.19.4-x86_64-linux-gnu)
      racc (~> 1.4)
    nokogiri (1.19.4-x86_64-linux-musl)
      racc (~> 1.4)
    oauth (1.1.8)
      anonymous_loader (~> 0.1, >= 0.1.3)
      auth-sanitizer (~> 0.2, >= 0.2.3)
      base64 (~> 0.1)
      oauth-tty (~> 1.0, >= 1.0.13)
      snaky_hash (~> 2.0, >= 2.0.7)
      version_gem (~> 1.1, >= 1.1.14)
    oauth-tty (1.0.13)
      anonymous_loader (~> 0.1, >= 0.1.3)
      auth-sanitizer (~> 0.2, >= 0.2.3)
      version_gem (~> 1.1, >= 1.1.14)
    ostruct (0.6.3)
    racc (1.8.1)
    rubyzip (2.4.1)
    sequel (5.106.0)
      bigdecimal
    snaky_hash (2.0.7)
      hashie (>= 0.1.0, < 6)
      version_gem (~> 1.1, >= 1.1.14)
    sqlite3 (2.9.5-aarch64-linux-gnu)
    sqlite3 (2.9.5-aarch64-linux-musl)
    sqlite3 (2.9.5-arm-linux-gnu)
    sqlite3 (2.9.5-arm-linux-musl)
    sqlite3 (2.9.5-arm64-darwin)
    sqlite3 (2.9.5-x86_64-darwin)
    sqlite3 (2.9.5-x86_64-linux-gnu)
    sqlite3 (2.9.5-x86_64-linux-musl)
    thor (1.5.0)
    timezone_finder (1.5.7)
    tzinfo (2.0.6)
      concurrent-ruby (~> 1.0)
    uri (1.1.1)
    version_gem (1.1.14)

PLATFORMS
  aarch64-linux
  aarch64-linux-gnu
  aarch64-linux-musl
  arm-linux-gnu
  arm-linux-musl
  arm64-darwin
  x86_64-darwin
  x86_64-linux-gnu
  x86_64-linux-musl

DEPENDENCIES
  git-fit (~> 0.9.5)

CHECKSUMS
  anonymous_loader (0.1.3) sha256=084a18e2439144d955447dc11dfc982f41fcd1583ad32d4d55151325dc44cb55
  auth-sanitizer (0.2.3) sha256=db10aac92cfbe4c64ab637eebcbe1d67395d1694798041362173370f59933e3c
  base64 (0.3.0) sha256=27337aeabad6ffae05c265c450490628ef3ebd4b67be58257393227588f5a97b
  bigdecimal (4.1.2) sha256=53d217666027eab4280346fba98e7d5b66baaae1b9c3c1c0ffe89d48188a3fbd
  concurrent-ruby (1.3.8) sha256=b2f1be836e968ccc78ccfce277ea79c72a88633f22306782c16ff23fb415d1e1
  domain_name (0.6.20240107) sha256=5f693b2215708476517479bf2b3802e49068ad82167bcd2286f899536a17d933
  faraday (2.14.3) sha256=1882247e6766615c8220b4392bf1d27f6ebb63d8e28267587cef1fb0bf37f278
  faraday-net_http (3.4.4) sha256=0e78af151747ed1b00f33e25973b4bc220d7f16c00c39676817c8b12331eb588
  git-fit (0.9.6) sha256=a8ddbc93de23ac5e4671fdea5c5fab1085f3808749813989a8b52696c230f34e
  hashie (5.1.0) sha256=c266471896f323c446ea8207f8ffac985d2718df0a0ba98651a3057096ca3870
  http-cookie (1.1.6) sha256=ba4b82be64de61dc281243dac70e3c382c45142f20268ed9276a3670c93feaa9
  json (2.21.2) sha256=1f1d3b7cf2b3ba1a69beca0bb6db13d5438b80bff3cd54cdaaa620b9b07c1c6a
  libv8-node (24.12.0.1) sha256=d93d23b861bfe5de3ba829e34a142402fb83b4c3592dd58d9ac4e027588d739a
  libv8-node (24.12.0.1-aarch64-linux) sha256=22bd0246cde85d70c88cf772727ac3677a20ac1d169105f82efe5f1f7c39f755
  libv8-node (24.12.0.1-aarch64-linux-musl) sha256=791b5960f79525e87d1bd1e5f2bf3715ef2a38bac6c97f297853e98a8411ba89
  libv8-node (24.12.0.1-arm64-darwin) sha256=124904a46b4a15c01ac024b4cf537dcf199cfb49a309cc59f66315e156e48339
  libv8-node (24.12.0.1-x86_64-darwin) sha256=5eee594393e7a27dc230a7fca5f9f72fc11ed58bce655624a683f4d027bf2d16
  libv8-node (24.12.0.1-x86_64-linux) sha256=e1236be4765edc109bd6ecef2989cf781bdcbac6f6e2cb3236ec9568540a9cfa
  libv8-node (24.12.0.1-x86_64-linux-musl) sha256=7563175534c40893815bfd28e8fe27e12ff1656700c7208f53de06d14001712b
  logger (1.7.0) sha256=196edec7cc44b66cfb40f9755ce11b392f21f7967696af15d274dde7edff0203
  mini_racer (0.21.4) sha256=ccf5e37288097f079d84449e111cd4e2170b37f3b80b30900766ffa6df4632db
  net-http (0.9.1) sha256=25ba0b67c63e89df626ed8fac771d0ad24ad151a858af2cc8e6a716ca4336996
  nokogiri (1.19.4-aarch64-linux-gnu) sha256=1269fb644a6de405057a53dd5c762b1209b43ca7424f839454d3dbc677c31a8f
  nokogiri (1.19.4-aarch64-linux-musl) sha256=35c65b9ce72b3bb03207bdbe7067915019dc18c1b9b59139684bd6690fdd01af
  nokogiri (1.19.4-arm-linux-gnu) sha256=a301313e38bb065d68239e79734bcd6f56fb6efaacebde29e9abf2a4735340ca
  nokogiri (1.19.4-arm-linux-musl) sha256=588923c101bcfa78869734d247d25b598674323e7f22474fc468f6e5647311eb
  nokogiri (1.19.4-arm64-darwin) sha256=a46db9853286e6597b36ebc6953817d15acf3a299583eb3f89fdc6f91dd63527
  nokogiri (1.19.4-x86_64-darwin) sha256=7fd17057d3e1f00e9954a74b3cd76595d3d4a5ef233b7ed9599047c204f70551
  nokogiri (1.19.4-x86_64-linux-gnu) sha256=379fae440b28915e3f19d752ce2dcf8465ed2b2fbefd2a7ca0dd497bc981a06a
  nokogiri (1.19.4-x86_64-linux-musl) sha256=17dfb7c1fa194ae02fbf7c51a7afc8d278045ab3fdacfd86f91d02d7b274470b
  oauth (1.1.8) sha256=7bf0b774391af4f820a86ce2cc7fa38c3fad5121b5563592535cff4b2e16d50e
  oauth-tty (1.0.13) sha256=71ad5f93ceea6fd21fe9a731dc02a4b892c5de9d77e0b303e81bd73f9daeb4a3
  ostruct (0.6.3) sha256=95a2ed4a4bd1d190784e666b47b2d3f078e4a9efda2fccf18f84ddc6538ed912
  racc (1.8.1) sha256=4a7f6929691dbec8b5209a0b373bc2614882b55fc5d2e447a21aaa691303d62f
  rubyzip (2.4.1) sha256=8577c88edc1fde8935eb91064c5cb1aef9ad5494b940cf19c775ee833e075615
  sequel (5.106.0) sha256=0e6677f230e724ecbc9b4d5fc95ef9a69997cfb24c60fff84268185e0bb254cd
  snaky_hash (2.0.7) sha256=7d02c70012a3f932e48860cd024577908300c9aa615e0cb9b450aaa749cbcb4d
  sqlite3 (2.9.5-aarch64-linux-gnu) sha256=78075b6337d3d182c6d2b4691049ed45cd220826160c9ea18946bf6a1de200dc
  sqlite3 (2.9.5-aarch64-linux-musl) sha256=18c801185deb4adc01ddb281e8f672a39e3d1729979ca91e39439cd3eac0402d
  sqlite3 (2.9.5-arm-linux-gnu) sha256=1bdfca0c7d63998c60b0f4a8e3c8df2d33800ccc4abd2d612eddbbbc92a4c48b
  sqlite3 (2.9.5-arm-linux-musl) sha256=bae1109d12b2e9f588455967729b008e1ff4feb7761749df695019c9079913c6
  sqlite3 (2.9.5-arm64-darwin) sha256=d0cf444a70fc9395d513cfbcc1e6719e224aa645314e3824cb0474c721425aa2
  sqlite3 (2.9.5-x86_64-darwin) sha256=8e9caae38bd7ebb29cbeee3e7ab1d12dc2327d9a1b92c7fcf0dda05589627a81
  sqlite3 (2.9.5-x86_64-linux-gnu) sha256=233dbcb6714148dd23bc5aeb33e8efd6eac974969564ddd5794c23d5f52b231e
  sqlite3 (2.9.5-x86_64-linux-musl) sha256=e7d3a7474e8af0f96150c21abc203fbab5437206bfcdf11deab7741c0ca516f2
  thor (1.5.0) sha256=e3a9e55fe857e44859ce104a84675ab6e8cd59c650a49106a05f55f136425e73
  timezone_finder (1.5.7) sha256=04f5ed185289b9dc38669fdfdb4ba039a05cfcab2f87b6c573b78736de2bd745
  tzinfo (2.0.6) sha256=8daf828cc77bcf7d63b0e3bdb6caa47e2272dcfaf4fbfe46f8c3a9df087a829b
  uri (1.1.1) sha256=379fa58d27ffb1387eaada68c749d1426738bd0f654d812fcc07e7568f5c57c6
  version_gem (1.1.14) sha256=6b7306c7e9416d06067561981ab3444e2cecb844f26cc325ae3c27b44cf85613

BUNDLED WITH
  4.0.17
